// !$*UTF8*$!
{
	archiveVersion = 1;
	classes = {
	};
	objectVersion = 46;
	objects = {

/* Begin PBXBuildFile section */
		4D09972D153FF4A600F13D9C /* xxd-s1.png in Resources */ = {isa = PBXBuildFile; fileRef = 4D09972B153FF4A600F13D9C /* xxd-s1.png */; };
		4D09972E153FF4A600F13D9C /* xxd-c1.png in Resources */ = {isa = PBXBuildFile; fileRef = 4D09972C153FF4A600F13D9C /* xxd-c1.png */; };
		4D8AE3B715454A6A007D5942 /* NewGeoViewController.m in Sources */ = {isa = PBXBuildFile; fileRef = 4D8AE3B615454A6A007D5942 /* NewGeoViewController.m */; };
		4D9B60C2153BF48900E2C5EA /* MyAnnotation.m in Sources */ = {isa = PBXBuildFile; fileRef = 4D9B60C1153BF48900E2C5EA /* MyAnnotation.m */; };
		4D9FDAA615308035001BA076 /* libsqlite3.0.dylib in Frameworks */ = {isa = PBXBuildFile; fileRef = 4D9FDAA515308035001BA076 /* libsqlite3.0.dylib */; };
		4D9FDAAD1530807C001BA076 /* CFNetwork.framework in Frameworks */ = {isa = PBXBuildFile; fileRef = 4D9FDAA81530807C001BA076 /* CFNetwork.framework */; };
		4D9FDAAE1530807C001BA076 /* CoreFoundation.framework in Frameworks */ = {isa = PBXBuildFile; fileRef = 4D9FDAA91530807C001BA076 /* CoreFoundation.framework */; };
		4D9FDAAF1530807C001BA076 /* CoreLocation.framework in Frameworks */ = {isa = PBXBuildFile; fileRef = 4D9FDAAA1530807C001BA076 /* CoreLocation.framework */; };
		4D9FDAB01530807C001BA076 /* libz.dylib in Frameworks */ = {isa = PBXBuildFile; fileRef = 4D9FDAAB1530807C001BA076 /* libz.dylib */; };
		4D9FDAB11530807C001BA076 /* SystemConfiguration.framework in Frameworks */ = {isa = PBXBuildFile; fileRef = 4D9FDAAC1530807C001BA076 /* SystemConfiguration.framework */; };
		4D9FDAD21530882B001BA076 /* Sync.m in Sources */ = {isa = PBXBuildFile; fileRef = 4D9FDAD11530882B001BA076 /* Sync.m */; };
		4D9FDAD415308877001BA076 /* ASIHTTPRequest.m in Sources */ = {isa = PBXBuildFile; fileRef = 4D9FDABE1530821D001BA076 /* ASIHTTPRequest.m */; settings = {COMPILER_FLAGS = "-fno-objc-arc"; }; };
		4D9FDAD51530889D001BA076 /* ASIAuthenticationDialog.m in Sources */ = {isa = PBXBuildFile; fileRef = 4D9FDAB31530821D001BA076 /* ASIAuthenticationDialog.m */; settings = {COMPILER_FLAGS = "-fno-objc-arc"; }; };
		4D9FDAD61530889D001BA076 /* ASIDataCompressor.m in Sources */ = {isa = PBXBuildFile; fileRef = 4D9FDAB61530821D001BA076 /* ASIDataCompressor.m */; settings = {COMPILER_FLAGS = "-fno-objc-arc"; }; };
		4D9FDAD71530889D001BA076 /* ASIDataDecompressor.m in Sources */ = {isa = PBXBuildFile; fileRef = 4D9FDAB81530821D001BA076 /* ASIDataDecompressor.m */; settings = {COMPILER_FLAGS = "-fno-objc-arc"; }; };
		4D9FDAD81530889D001BA076 /* ASIDownloadCache.m in Sources */ = {isa = PBXBuildFile; fileRef = 4D9FDABA1530821D001BA076 /* ASIDownloadCache.m */; settings = {COMPILER_FLAGS = "-fno-objc-arc"; }; };
		4D9FDAD91530889D001BA076 /* ASIFormDataRequest.m in Sources */ = {isa = PBXBuildFile; fileRef = 4D9FDABC1530821D001BA076 /* ASIFormDataRequest.m */; settings = {COMPILER_FLAGS = "-fno-objc-arc"; }; };
		4D9FDADA1530889D001BA076 /* ASIInputStream.m in Sources */ = {isa = PBXBuildFile; fileRef = 4D9FDAC21530821D001BA076 /* ASIInputStream.m */; settings = {COMPILER_FLAGS = "-fno-objc-arc"; }; };
		4D9FDADB1530889D001BA076 /* ASINetworkQueue.m in Sources */ = {isa = PBXBuildFile; fileRef = 4D9FDAC41530821D001BA076 /* ASINetworkQueue.m */; settings = {COMPILER_FLAGS = "-fno-objc-arc"; }; };
		4D9FDADC1530889D001BA076 /* DictionaryHelper.m in Sources */ = {isa = PBXBuildFile; fileRef = 4D9FDAC71530821D001BA076 /* DictionaryHelper.m */; settings = {COMPILER_FLAGS = "-fno-objc-arc"; }; };
		4D9FDADD1530889D001BA076 /* JSONKit.m in Sources */ = {isa = PBXBuildFile; fileRef = 4D9FDAC91530821D001BA076 /* JSONKit.m */; settings = {COMPILER_FLAGS = "-fno-objc-arc"; }; };
		4D9FDADE1530889D001BA076 /* Reachability.m in Sources */ = {isa = PBXBuildFile; fileRef = 4D9FDACB1530821D001BA076 /* Reachability.m */; settings = {COMPILER_FLAGS = "-fno-objc-arc"; }; };
		4DA4C76C153EB06F00FB0A24 /* NSObject+SBJSON.m in Sources */ = {isa = PBXBuildFile; fileRef = 4DA4C75A153EAE1E00FB0A24 /* NSObject+SBJSON.m */; settings = {COMPILER_FLAGS = "-fno-objc-arc"; }; };
		4DA4C76D153EB06F00FB0A24 /* NSString+SBJSON.m in Sources */ = {isa = PBXBuildFile; fileRef = 4DA4C75C153EAE1E00FB0A24 /* NSString+SBJSON.m */; settings = {COMPILER_FLAGS = "-fno-objc-arc"; }; };
		4DA4C76E153EB06F00FB0A24 /* SBJsonBase.m in Sources */ = {isa = PBXBuildFile; fileRef = 4DA4C75E153EAE1E00FB0A24 /* SBJsonBase.m */; settings = {COMPILER_FLAGS = "-fno-objc-arc"; }; };
		4DA4C76F153EB06F00FB0A24 /* SBJsonParser.m in Sources */ = {isa = PBXBuildFile; fileRef = 4DA4C760153EAE1F00FB0A24 /* SBJsonParser.m */; settings = {COMPILER_FLAGS = "-fno-objc-arc"; }; };
		4DA4C770153EB06F00FB0A24 /* SBJsonWriter.m in Sources */ = {isa = PBXBuildFile; fileRef = 4DA4C762153EAE1F00FB0A24 /* SBJsonWriter.m */; settings = {COMPILER_FLAGS = "-fno-objc-arc"; }; };
		4DA4C771153EB06F00FB0A24 /* AddressComponents.m in Sources */ = {isa = PBXBuildFile; fileRef = 4DA4C766153EAE3900FB0A24 /* AddressComponents.m */; settings = {COMPILER_FLAGS = "-fno-objc-arc"; }; };
		4DA4C772153EB06F00FB0A24 /* MJGeocoder.m in Sources */ = {isa = PBXBuildFile; fileRef = 4DA4C768153EAE3900FB0A24 /* MJGeocoder.m */; settings = {COMPILER_FLAGS = "-fno-objc-arc"; }; };
		4DA4C773153EB06F00FB0A24 /* MJReverseGeocoder.m in Sources */ = {isa = PBXBuildFile; fileRef = 4DA4C76A153EAE3900FB0A24 /* MJReverseGeocoder.m */; settings = {COMPILER_FLAGS = "-fno-objc-arc"; }; };
		4DD9471F1532CEC700DAC370 /* dan.sqlite in Resources */ = {isa = PBXBuildFile; fileRef = 4DD9471E1532CEC700DAC370 /* dan.sqlite */; };
		4DD9472A1533DBD900DAC370 /* LocalSQLiteOperate.m in Sources */ = {isa = PBXBuildFile; fileRef = 4DD947291533DBD900DAC370 /* LocalSQLiteOperate.m */; };
		4DFC30B2153B07FE002E2E02 /* ParkPlaceMark.m in Sources */ = {isa = PBXBuildFile; fileRef = 4DFC30B1153B0676002E2E02 /* ParkPlaceMark.m */; settings = {COMPILER_FLAGS = "-fno-objc-arc"; }; };
		4DFC30B8153BC20F002E2E02 /* pin.png in Resources */ = {isa = PBXBuildFile; fileRef = 4DFC30B7153BC20F002E2E02 /* pin.png */; };
		9F7104CF152B24C0007D15E7 /* MobileCoreServices.framework in Frameworks */ = {isa = PBXBuildFile; fileRef = 9F7104CE152B24C0007D15E7 /* MobileCoreServices.framework */; };
		9F89DFF1153039C400227E11 /* CoreImage.framework in Frameworks */ = {isa = PBXBuildFile; fileRef = 9F89DFF0153039C400227E11 /* CoreImage.framework */; };
		9F8E81C9152FF4FB0081FD3E /* UIColor+UIColor_Hex.m in Sources */ = {isa = PBXBuildFile; fileRef = 9F8E81C8152FF4FB0081FD3E /* UIColor+UIColor_Hex.m */; };
		9F8E81D41530388F0081FD3E /* UIImage+Resizing.m in Sources */ = {isa = PBXBuildFile; fileRef = 9F8E81D31530388F0081FD3E /* UIImage+Resizing.m */; settings = {COMPILER_FLAGS = "-fno-objc-arc"; }; };
		9F8E81D71530392D0081FD3E /* NYXImagesHelper.m in Sources */ = {isa = PBXBuildFile; fileRef = 9F8E81D61530392D0081FD3E /* NYXImagesHelper.m */; settings = {COMPILER_FLAGS = "-fno-objc-arc"; }; };
		9F8EB863152AA9D20051C105 /* PickCategoryTableViewController.m in Sources */ = {isa = PBXBuildFile; fileRef = 9F8EB862152AA9D20051C105 /* PickCategoryTableViewController.m */; };
		9F969DB4152AE15F0089F3DC /* NewItemViewController.m in Sources */ = {isa = PBXBuildFile; fileRef = 9F969DB3152AE15F0089F3DC /* NewItemViewController.m */; };
		9F969DC4152AFBD40089F3DC /* MapKit.framework in Frameworks */ = {isa = PBXBuildFile; fileRef = 9F969DC2152AFBD30089F3DC /* MapKit.framework */; };
		9F969DC5152AFBD40089F3DC /* MediaPlayer.framework in Frameworks */ = {isa = PBXBuildFile; fileRef = 9F969DC3152AFBD30089F3DC /* MediaPlayer.framework */; };
		9FAD0249151D677500D32564 /* UIKit.framework in Frameworks */ = {isa = PBXBuildFile; fileRef = 9FAD0248151D677500D32564 /* UIKit.framework */; };
		9FAD024B151D677500D32564 /* Foundation.framework in Frameworks */ = {isa = PBXBuildFile; fileRef = 9FAD024A151D677500D32564 /* Foundation.framework */; };
		9FAD024D151D677500D32564 /* CoreGraphics.framework in Frameworks */ = {isa = PBXBuildFile; fileRef = 9FAD024C151D677500D32564 /* CoreGraphics.framework */; };
		9FAD0253151D677500D32564 /* InfoPlist.strings in Resources */ = {isa = PBXBuildFile; fileRef = 9FAD0251151D677500D32564 /* InfoPlist.strings */; };
		9FAD0255151D677500D32564 /* main.m in Sources */ = {isa = PBXBuildFile; fileRef = 9FAD0254151D677500D32564 /* main.m */; };
		9FAD0259151D677500D32564 /* AppDelegate.m in Sources */ = {isa = PBXBuildFile; fileRef = 9FAD0258151D677500D32564 /* AppDelegate.m */; };
		9FAD025C151D677500D32564 /* MainStoryboard.storyboard in Resources */ = {isa = PBXBuildFile; fileRef = 9FAD025A151D677500D32564 /* MainStoryboard.storyboard */; };
		9FAD027F151D703000D32564 /* BackgroundTopbar.png in Resources */ = {isa = PBXBuildFile; fileRef = 9FAD0275151D703000D32564 /* BackgroundTopbar.png */; };
		9FAD0280151D703000D32564 /* BackgroundTopbar@2x.png in Resources */ = {isa = PBXBuildFile; fileRef = 9FAD0276151D703000D32564 /* BackgroundTopbar@2x.png */; };
		9FAD0281151D703000D32564 /* uiBarButtonItemNormal.png in Resources */ = {isa = PBXBuildFile; fileRef = 9FAD0277151D703000D32564 /* uiBarButtonItemNormal.png */; };
		9FAD0282151D703000D32564 /* uiBarButtonItemNormal@2x.png in Resources */ = {isa = PBXBuildFile; fileRef = 9FAD0278151D703000D32564 /* uiBarButtonItemNormal@2x.png */; };
		9FAD0283151D703000D32564 /* uiBarButtonItemSelected.png in Resources */ = {isa = PBXBuildFile; fileRef = 9FAD0279151D703000D32564 /* uiBarButtonItemSelected.png */; };
		9FAD0284151D703000D32564 /* uiBarButtonItemSelected@2x.png in Resources */ = {isa = PBXBuildFile; fileRef = 9FAD027A151D703000D32564 /* uiBarButtonItemSelected@2x.png */; };
		9FAD0285151D703000D32564 /* uiBarBackButtonNormal.png in Resources */ = {isa = PBXBuildFile; fileRef = 9FAD027B151D703000D32564 /* uiBarBackButtonNormal.png */; };
		9FAD0286151D703000D32564 /* uiBarBackButtonNormal@2x.png in Resources */ = {isa = PBXBuildFile; fileRef = 9FAD027C151D703000D32564 /* uiBarBackButtonNormal@2x.png */; };
		9FAD0287151D703000D32564 /* uiBarBackButtonSelected.png in Resources */ = {isa = PBXBuildFile; fileRef = 9FAD027D151D703000D32564 /* uiBarBackButtonSelected.png */; };
		9FAD0288151D703000D32564 /* uiBarBackButtonSelected@2x.png in Resources */ = {isa = PBXBuildFile; fileRef = 9FAD027E151D703000D32564 /* uiBarBackButtonSelected@2x.png */; };
		9FAD0299151D752A00D32564 /* ListsTableViewController.m in Sources */ = {isa = PBXBuildFile; fileRef = 9FAD0298151D752A00D32564 /* ListsTableViewController.m */; };
		9FAD029C151D786900D32564 /* NewListTableViewController.m in Sources */ = {isa = PBXBuildFile; fileRef = 9FAD029B151D786900D32564 /* NewListTableViewController.m */; };
		9FAD029E151DA95B00D32564 /* dotLine.png in Resources */ = {isa = PBXBuildFile; fileRef = 9FAD029D151DA95B00D32564 /* dotLine.png */; };
		9FAD02AA151DADEF00D32564 /* QuartzCore.framework in Frameworks */ = {isa = PBXBuildFile; fileRef = 9FAD02A9151DADEF00D32564 /* QuartzCore.framework */; };
/* End PBXBuildFile section */

/* Begin PBXFileReference section */
		4D09972B153FF4A600F13D9C /* xxd-s1.png */ = {isa = PBXFileReference; lastKnownFileType = image.png; path = "xxd-s1.png"; sourceTree = "<group>"; };
		4D09972C153FF4A600F13D9C /* xxd-c1.png */ = {isa = PBXFileReference; lastKnownFileType = image.png; path = "xxd-c1.png"; sourceTree = "<group>"; };
		4D8AE3B515454A6A007D5942 /* NewGeoViewController.h */ = {isa = PBXFileReference; fileEncoding = 4; lastKnownFileType = sourcecode.c.h; path = NewGeoViewController.h; sourceTree = "<group>"; };
		4D8AE3B615454A6A007D5942 /* NewGeoViewController.m */ = {isa = PBXFileReference; fileEncoding = 4; lastKnownFileType = sourcecode.c.objc; path = NewGeoViewController.m; sourceTree = "<group>"; };
		4D9B60C0153BF48900E2C5EA /* MyAnnotation.h */ = {isa = PBXFileReference; fileEncoding = 4; lastKnownFileType = sourcecode.c.h; path = MyAnnotation.h; sourceTree = "<group>"; };
		4D9B60C1153BF48900E2C5EA /* MyAnnotation.m */ = {isa = PBXFileReference; fileEncoding = 4; lastKnownFileType = sourcecode.c.objc; path = MyAnnotation.m; sourceTree = "<group>"; };
		4D9FDAA515308035001BA076 /* libsqlite3.0.dylib */ = {isa = PBXFileReference; lastKnownFileType = "compiled.mach-o.dylib"; name = libsqlite3.0.dylib; path = usr/lib/libsqlite3.0.dylib; sourceTree = SDKROOT; };
		4D9FDAA81530807C001BA076 /* CFNetwork.framework */ = {isa = PBXFileReference; lastKnownFileType = wrapper.framework; name = CFNetwork.framework; path = System/Library/Frameworks/CFNetwork.framework; sourceTree = SDKROOT; };
		4D9FDAA91530807C001BA076 /* CoreFoundation.framework */ = {isa = PBXFileReference; lastKnownFileType = wrapper.framework; name = CoreFoundation.framework; path = System/Library/Frameworks/CoreFoundation.framework; sourceTree = SDKROOT; };
		4D9FDAAA1530807C001BA076 /* CoreLocation.framework */ = {isa = PBXFileReference; lastKnownFileType = wrapper.framework; name = CoreLocation.framework; path = System/Library/Frameworks/CoreLocation.framework; sourceTree = SDKROOT; };
		4D9FDAAB1530807C001BA076 /* libz.dylib */ = {isa = PBXFileReference; lastKnownFileType = "compiled.mach-o.dylib"; name = libz.dylib; path = usr/lib/libz.dylib; sourceTree = SDKROOT; };
		4D9FDAAC1530807C001BA076 /* SystemConfiguration.framework */ = {isa = PBXFileReference; lastKnownFileType = wrapper.framework; name = SystemConfiguration.framework; path = System/Library/Frameworks/SystemConfiguration.framework; sourceTree = SDKROOT; };
		4D9FDAB21530821D001BA076 /* ASIAuthenticationDialog.h */ = {isa = PBXFileReference; lastKnownFileType = sourcecode.c.h; path = ASIAuthenticationDialog.h; sourceTree = "<group>"; };
		4D9FDAB31530821D001BA076 /* ASIAuthenticationDialog.m */ = {isa = PBXFileReference; lastKnownFileType = sourcecode.c.objc; path = ASIAuthenticationDialog.m; sourceTree = "<group>"; };
		4D9FDAB41530821D001BA076 /* ASICacheDelegate.h */ = {isa = PBXFileReference; lastKnownFileType = sourcecode.c.h; path = ASICacheDelegate.h; sourceTree = "<group>"; };
		4D9FDAB51530821D001BA076 /* ASIDataCompressor.h */ = {isa = PBXFileReference; lastKnownFileType = sourcecode.c.h; path = ASIDataCompressor.h; sourceTree = "<group>"; };
		4D9FDAB61530821D001BA076 /* ASIDataCompressor.m */ = {isa = PBXFileReference; lastKnownFileType = sourcecode.c.objc; path = ASIDataCompressor.m; sourceTree = "<group>"; };
		4D9FDAB71530821D001BA076 /* ASIDataDecompressor.h */ = {isa = PBXFileReference; lastKnownFileType = sourcecode.c.h; path = ASIDataDecompressor.h; sourceTree = "<group>"; };
		4D9FDAB81530821D001BA076 /* ASIDataDecompressor.m */ = {isa = PBXFileReference; lastKnownFileType = sourcecode.c.objc; path = ASIDataDecompressor.m; sourceTree = "<group>"; };
		4D9FDAB91530821D001BA076 /* ASIDownloadCache.h */ = {isa = PBXFileReference; lastKnownFileType = sourcecode.c.h; path = ASIDownloadCache.h; sourceTree = "<group>"; };
		4D9FDABA1530821D001BA076 /* ASIDownloadCache.m */ = {isa = PBXFileReference; lastKnownFileType = sourcecode.c.objc; path = ASIDownloadCache.m; sourceTree = "<group>"; };
		4D9FDABB1530821D001BA076 /* ASIFormDataRequest.h */ = {isa = PBXFileReference; lastKnownFileType = sourcecode.c.h; path = ASIFormDataRequest.h; sourceTree = "<group>"; };
		4D9FDABC1530821D001BA076 /* ASIFormDataRequest.m */ = {isa = PBXFileReference; lastKnownFileType = sourcecode.c.objc; path = ASIFormDataRequest.m; sourceTree = "<group>"; };
		4D9FDABD1530821D001BA076 /* ASIHTTPRequest.h */ = {isa = PBXFileReference; lastKnownFileType = sourcecode.c.h; path = ASIHTTPRequest.h; sourceTree = "<group>"; };
		4D9FDABE1530821D001BA076 /* ASIHTTPRequest.m */ = {isa = PBXFileReference; lastKnownFileType = sourcecode.c.objc; path = ASIHTTPRequest.m; sourceTree = "<group>"; };
		4D9FDABF1530821D001BA076 /* ASIHTTPRequestConfig.h */ = {isa = PBXFileReference; lastKnownFileType = sourcecode.c.h; path = ASIHTTPRequestConfig.h; sourceTree = "<group>"; };
		4D9FDAC01530821D001BA076 /* ASIHTTPRequestDelegate.h */ = {isa = PBXFileReference; lastKnownFileType = sourcecode.c.h; path = ASIHTTPRequestDelegate.h; sourceTree = "<group>"; };
		4D9FDAC11530821D001BA076 /* ASIInputStream.h */ = {isa = PBXFileReference; lastKnownFileType = sourcecode.c.h; path = ASIInputStream.h; sourceTree = "<group>"; };
		4D9FDAC21530821D001BA076 /* ASIInputStream.m */ = {isa = PBXFileReference; lastKnownFileType = sourcecode.c.objc; path = ASIInputStream.m; sourceTree = "<group>"; };
		4D9FDAC31530821D001BA076 /* ASINetworkQueue.h */ = {isa = PBXFileReference; lastKnownFileType = sourcecode.c.h; path = ASINetworkQueue.h; sourceTree = "<group>"; };
		4D9FDAC41530821D001BA076 /* ASINetworkQueue.m */ = {isa = PBXFileReference; lastKnownFileType = sourcecode.c.objc; path = ASINetworkQueue.m; sourceTree = "<group>"; };
		4D9FDAC51530821D001BA076 /* ASIProgressDelegate.h */ = {isa = PBXFileReference; lastKnownFileType = sourcecode.c.h; path = ASIProgressDelegate.h; sourceTree = "<group>"; };
		4D9FDAC61530821D001BA076 /* DictionaryHelper.h */ = {isa = PBXFileReference; lastKnownFileType = sourcecode.c.h; path = DictionaryHelper.h; sourceTree = "<group>"; };
		4D9FDAC71530821D001BA076 /* DictionaryHelper.m */ = {isa = PBXFileReference; lastKnownFileType = sourcecode.c.objc; path = DictionaryHelper.m; sourceTree = "<group>"; };
		4D9FDAC81530821D001BA076 /* JSONKit.h */ = {isa = PBXFileReference; lastKnownFileType = sourcecode.c.h; path = JSONKit.h; sourceTree = "<group>"; };
		4D9FDAC91530821D001BA076 /* JSONKit.m */ = {isa = PBXFileReference; lastKnownFileType = sourcecode.c.objc; path = JSONKit.m; sourceTree = "<group>"; };
		4D9FDACA1530821D001BA076 /* Reachability.h */ = {isa = PBXFileReference; lastKnownFileType = sourcecode.c.h; path = Reachability.h; sourceTree = "<group>"; };
		4D9FDACB1530821D001BA076 /* Reachability.m */ = {isa = PBXFileReference; lastKnownFileType = sourcecode.c.objc; path = Reachability.m; sourceTree = "<group>"; };
		4D9FDAD01530882B001BA076 /* Sync.h */ = {isa = PBXFileReference; fileEncoding = 4; lastKnownFileType = sourcecode.c.h; path = Sync.h; sourceTree = "<group>"; };
		4D9FDAD11530882B001BA076 /* Sync.m */ = {isa = PBXFileReference; fileEncoding = 4; lastKnownFileType = sourcecode.c.objc; path = Sync.m; sourceTree = "<group>"; };
		4DA4C758153EAE1E00FB0A24 /* JSON.h */ = {isa = PBXFileReference; lastKnownFileType = sourcecode.c.h; path = JSON.h; sourceTree = "<group>"; };
		4DA4C759153EAE1E00FB0A24 /* NSObject+SBJSON.h */ = {isa = PBXFileReference; lastKnownFileType = sourcecode.c.h; path = "NSObject+SBJSON.h"; sourceTree = "<group>"; };
		4DA4C75A153EAE1E00FB0A24 /* NSObject+SBJSON.m */ = {isa = PBXFileReference; lastKnownFileType = sourcecode.c.objc; path = "NSObject+SBJSON.m"; sourceTree = "<group>"; };
		4DA4C75B153EAE1E00FB0A24 /* NSString+SBJSON.h */ = {isa = PBXFileReference; lastKnownFileType = sourcecode.c.h; path = "NSString+SBJSON.h"; sourceTree = "<group>"; };
		4DA4C75C153EAE1E00FB0A24 /* NSString+SBJSON.m */ = {isa = PBXFileReference; lastKnownFileType = sourcecode.c.objc; path = "NSString+SBJSON.m"; sourceTree = "<group>"; };
		4DA4C75D153EAE1E00FB0A24 /* SBJsonBase.h */ = {isa = PBXFileReference; lastKnownFileType = sourcecode.c.h; path = SBJsonBase.h; sourceTree = "<group>"; };
		4DA4C75E153EAE1E00FB0A24 /* SBJsonBase.m */ = {isa = PBXFileReference; lastKnownFileType = sourcecode.c.objc; path = SBJsonBase.m; sourceTree = "<group>"; };
		4DA4C75F153EAE1E00FB0A24 /* SBJsonParser.h */ = {isa = PBXFileReference; lastKnownFileType = sourcecode.c.h; path = SBJsonParser.h; sourceTree = "<group>"; };
		4DA4C760153EAE1F00FB0A24 /* SBJsonParser.m */ = {isa = PBXFileReference; lastKnownFileType = sourcecode.c.objc; path = SBJsonParser.m; sourceTree = "<group>"; };
		4DA4C761153EAE1F00FB0A24 /* SBJsonWriter.h */ = {isa = PBXFileReference; lastKnownFileType = sourcecode.c.h; path = SBJsonWriter.h; sourceTree = "<group>"; };
		4DA4C762153EAE1F00FB0A24 /* SBJsonWriter.m */ = {isa = PBXFileReference; lastKnownFileType = sourcecode.c.objc; path = SBJsonWriter.m; sourceTree = "<group>"; };
		4DA4C764153EAE3900FB0A24 /* MJGeocodingServices.h */ = {isa = PBXFileReference; lastKnownFileType = sourcecode.c.h; path = MJGeocodingServices.h; sourceTree = "<group>"; };
		4DA4C765153EAE3900FB0A24 /* AddressComponents.h */ = {isa = PBXFileReference; lastKnownFileType = sourcecode.c.h; path = AddressComponents.h; sourceTree = "<group>"; };
		4DA4C766153EAE3900FB0A24 /* AddressComponents.m */ = {isa = PBXFileReference; lastKnownFileType = sourcecode.c.objc; path = AddressComponents.m; sourceTree = "<group>"; };
		4DA4C767153EAE3900FB0A24 /* MJGeocoder.h */ = {isa = PBXFileReference; lastKnownFileType = sourcecode.c.h; path = MJGeocoder.h; sourceTree = "<group>"; };
		4DA4C768153EAE3900FB0A24 /* MJGeocoder.m */ = {isa = PBXFileReference; lastKnownFileType = sourcecode.c.objc; path = MJGeocoder.m; sourceTree = "<group>"; };
		4DA4C769153EAE3900FB0A24 /* MJReverseGeocoder.h */ = {isa = PBXFileReference; lastKnownFileType = sourcecode.c.h; path = MJReverseGeocoder.h; sourceTree = "<group>"; };
		4DA4C76A153EAE3900FB0A24 /* MJReverseGeocoder.m */ = {isa = PBXFileReference; lastKnownFileType = sourcecode.c.objc; path = MJReverseGeocoder.m; sourceTree = "<group>"; };
		4DD9471E1532CEC700DAC370 /* dan.sqlite */ = {isa = PBXFileReference; lastKnownFileType = file; name = dan.sqlite; path = ../dan.sqlite; sourceTree = "<group>"; };
		4DD947281533DBD900DAC370 /* LocalSQLiteOperate.h */ = {isa = PBXFileReference; fileEncoding = 4; lastKnownFileType = sourcecode.c.h; path = LocalSQLiteOperate.h; sourceTree = "<group>"; };
		4DD947291533DBD900DAC370 /* LocalSQLiteOperate.m */ = {isa = PBXFileReference; fileEncoding = 4; lastKnownFileType = sourcecode.c.objc; path = LocalSQLiteOperate.m; sourceTree = "<group>"; };
		4DFC308D15391E54002E2E02 /* Constants.h */ = {isa = PBXFileReference; lastKnownFileType = sourcecode.c.h; name = Constants.h; path = ../Constants.h; sourceTree = "<group>"; };
		4DFC30B0153B0676002E2E02 /* ParkPlaceMark.h */ = {isa = PBXFileReference; lastKnownFileType = sourcecode.c.h; path = ParkPlaceMark.h; sourceTree = "<group>"; };
		4DFC30B1153B0676002E2E02 /* ParkPlaceMark.m */ = {isa = PBXFileReference; lastKnownFileType = sourcecode.c.objc; path = ParkPlaceMark.m; sourceTree = "<group>"; };
		4DFC30B7153BC20F002E2E02 /* pin.png */ = {isa = PBXFileReference; lastKnownFileType = image.png; path = pin.png; sourceTree = "<group>"; };
		9F7104CE152B24C0007D15E7 /* MobileCoreServices.framework */ = {isa = PBXFileReference; lastKnownFileType = wrapper.framework; name = MobileCoreServices.framework; path = System/Library/Frameworks/MobileCoreServices.framework; sourceTree = SDKROOT; };
		9F89DFF0153039C400227E11 /* CoreImage.framework */ = {isa = PBXFileReference; lastKnownFileType = wrapper.framework; name = CoreImage.framework; path = System/Library/Frameworks/CoreImage.framework; sourceTree = SDKROOT; };
		9F89DFF2153039C900227E11 /* Accelerate.framework */ = {isa = PBXFileReference; lastKnownFileType = wrapper.framework; name = Accelerate.framework; path = System/Library/Frameworks/Accelerate.framework; sourceTree = SDKROOT; };
		9F8E81C7152FF4FB0081FD3E /* UIColor+UIColor_Hex.h */ = {isa = PBXFileReference; fileEncoding = 4; lastKnownFileType = sourcecode.c.h; path = "UIColor+UIColor_Hex.h"; sourceTree = "<group>"; };
		9F8E81C8152FF4FB0081FD3E /* UIColor+UIColor_Hex.m */ = {isa = PBXFileReference; fileEncoding = 4; lastKnownFileType = sourcecode.c.objc; path = "UIColor+UIColor_Hex.m"; sourceTree = "<group>"; };
		9F8E81CD153034880081FD3E /* ImageIO.framework */ = {isa = PBXFileReference; lastKnownFileType = wrapper.framework; name = ImageIO.framework; path = System/Library/Frameworks/ImageIO.framework; sourceTree = SDKROOT; };
		9F8E81D21530388F0081FD3E /* UIImage+Resizing.h */ = {isa = PBXFileReference; fileEncoding = 4; lastKnownFileType = sourcecode.c.h; path = "UIImage+Resizing.h"; sourceTree = "<group>"; };
		9F8E81D31530388F0081FD3E /* UIImage+Resizing.m */ = {isa = PBXFileReference; fileEncoding = 4; lastKnownFileType = sourcecode.c.objc; path = "UIImage+Resizing.m"; sourceTree = "<group>"; };
		9F8E81D51530392D0081FD3E /* NYXImagesHelper.h */ = {isa = PBXFileReference; fileEncoding = 4; lastKnownFileType = sourcecode.c.h; path = NYXImagesHelper.h; sourceTree = "<group>"; };
		9F8E81D61530392D0081FD3E /* NYXImagesHelper.m */ = {isa = PBXFileReference; fileEncoding = 4; lastKnownFileType = sourcecode.c.objc; path = NYXImagesHelper.m; sourceTree = "<group>"; };
		9F8EB861152AA9D20051C105 /* PickCategoryTableViewController.h */ = {isa = PBXFileReference; fileEncoding = 4; lastKnownFileType = sourcecode.c.h; path = PickCategoryTableViewController.h; sourceTree = "<group>"; };
		9F8EB862152AA9D20051C105 /* PickCategoryTableViewController.m */ = {isa = PBXFileReference; fileEncoding = 4; lastKnownFileType = sourcecode.c.objc; path = PickCategoryTableViewController.m; sourceTree = "<group>"; };
		9F969DB2152AE15F0089F3DC /* NewItemViewController.h */ = {isa = PBXFileReference; fileEncoding = 4; lastKnownFileType = sourcecode.c.h; path = NewItemViewController.h; sourceTree = "<group>"; };
		9F969DB3152AE15F0089F3DC /* NewItemViewController.m */ = {isa = PBXFileReference; fileEncoding = 4; lastKnownFileType = sourcecode.c.objc; path = NewItemViewController.m; sourceTree = "<group>"; };
		9F969DC2152AFBD30089F3DC /* MapKit.framework */ = {isa = PBXFileReference; lastKnownFileType = wrapper.framework; name = MapKit.framework; path = System/Library/Frameworks/MapKit.framework; sourceTree = SDKROOT; };
		9F969DC3152AFBD30089F3DC /* MediaPlayer.framework */ = {isa = PBXFileReference; lastKnownFileType = wrapper.framework; name = MediaPlayer.framework; path = System/Library/Frameworks/MediaPlayer.framework; sourceTree = SDKROOT; };
		9FAD0244151D677500D32564 /* Dandan.app */ = {isa = PBXFileReference; explicitFileType = wrapper.application; includeInIndex = 0; path = Dandan.app; sourceTree = BUILT_PRODUCTS_DIR; };
		9FAD0248151D677500D32564 /* UIKit.framework */ = {isa = PBXFileReference; lastKnownFileType = wrapper.framework; name = UIKit.framework; path = System/Library/Frameworks/UIKit.framework; sourceTree = SDKROOT; };
		9FAD024A151D677500D32564 /* Foundation.framework */ = {isa = PBXFileReference; lastKnownFileType = wrapper.framework; name = Foundation.framework; path = System/Library/Frameworks/Foundation.framework; sourceTree = SDKROOT; };
		9FAD024C151D677500D32564 /* CoreGraphics.framework */ = {isa = PBXFileReference; lastKnownFileType = wrapper.framework; name = CoreGraphics.framework; path = System/Library/Frameworks/CoreGraphics.framework; sourceTree = SDKROOT; };
		9FAD0250151D677500D32564 /* Dandan-Info.plist */ = {isa = PBXFileReference; lastKnownFileType = text.plist.xml; path = "Dandan-Info.plist"; sourceTree = "<group>"; };
		9FAD0252151D677500D32564 /* en */ = {isa = PBXFileReference; lastKnownFileType = text.plist.strings; name = en; path = en.lproj/InfoPlist.strings; sourceTree = "<group>"; };
		9FAD0254151D677500D32564 /* main.m */ = {isa = PBXFileReference; lastKnownFileType = sourcecode.c.objc; path = main.m; sourceTree = "<group>"; };
		9FAD0256151D677500D32564 /* Dandan-Prefix.pch */ = {isa = PBXFileReference; lastKnownFileType = sourcecode.c.h; path = "Dandan-Prefix.pch"; sourceTree = "<group>"; };
		9FAD0257151D677500D32564 /* AppDelegate.h */ = {isa = PBXFileReference; lastKnownFileType = sourcecode.c.h; path = AppDelegate.h; sourceTree = "<group>"; };
		9FAD0258151D677500D32564 /* AppDelegate.m */ = {isa = PBXFileReference; lastKnownFileType = sourcecode.c.objc; path = AppDelegate.m; sourceTree = "<group>"; };
		9FAD025B151D677500D32564 /* en */ = {isa = PBXFileReference; lastKnownFileType = file.storyboard; name = en; path = en.lproj/MainStoryboard.storyboard; sourceTree = "<group>"; };
		9FAD0275151D703000D32564 /* BackgroundTopbar.png */ = {isa = PBXFileReference; lastKnownFileType = image.png; path = BackgroundTopbar.png; sourceTree = "<group>"; };
		9FAD0276151D703000D32564 /* BackgroundTopbar@2x.png */ = {isa = PBXFileReference; lastKnownFileType = image.png; path = "BackgroundTopbar@2x.png"; sourceTree = "<group>"; };
		9FAD0277151D703000D32564 /* uiBarButtonItemNormal.png */ = {isa = PBXFileReference; lastKnownFileType = image.png; path = uiBarButtonItemNormal.png; sourceTree = "<group>"; };
		9FAD0278151D703000D32564 /* uiBarButtonItemNormal@2x.png */ = {isa = PBXFileReference; lastKnownFileType = image.png; path = "uiBarButtonItemNormal@2x.png"; sourceTree = "<group>"; };
		9FAD0279151D703000D32564 /* uiBarButtonItemSelected.png */ = {isa = PBXFileReference; lastKnownFileType = image.png; path = uiBarButtonItemSelected.png; sourceTree = "<group>"; };
		9FAD027A151D703000D32564 /* uiBarButtonItemSelected@2x.png */ = {isa = PBXFileReference; lastKnownFileType = image.png; path = "uiBarButtonItemSelected@2x.png"; sourceTree = "<group>"; };
		9FAD027B151D703000D32564 /* uiBarBackButtonNormal.png */ = {isa = PBXFileReference; lastKnownFileType = image.png; path = uiBarBackButtonNormal.png; sourceTree = "<group>"; };
		9FAD027C151D703000D32564 /* uiBarBackButtonNormal@2x.png */ = {isa = PBXFileReference; lastKnownFileType = image.png; path = "uiBarBackButtonNormal@2x.png"; sourceTree = "<group>"; };
		9FAD027D151D703000D32564 /* uiBarBackButtonSelected.png */ = {isa = PBXFileReference; lastKnownFileType = image.png; path = uiBarBackButtonSelected.png; sourceTree = "<group>"; };
		9FAD027E151D703000D32564 /* uiBarBackButtonSelected@2x.png */ = {isa = PBXFileReference; lastKnownFileType = image.png; path = "uiBarBackButtonSelected@2x.png"; sourceTree = "<group>"; };
		9FAD0297151D752A00D32564 /* ListsTableViewController.h */ = {isa = PBXFileReference; fileEncoding = 4; lastKnownFileType = sourcecode.c.h; path = ListsTableViewController.h; sourceTree = "<group>"; };
		9FAD0298151D752A00D32564 /* ListsTableViewController.m */ = {isa = PBXFileReference; fileEncoding = 4; lastKnownFileType = sourcecode.c.objc; path = ListsTableViewController.m; sourceTree = "<group>"; };
		9FAD029A151D786900D32564 /* NewListTableViewController.h */ = {isa = PBXFileReference; fileEncoding = 4; lastKnownFileType = sourcecode.c.h; path = NewListTableViewController.h; sourceTree = "<group>"; };
		9FAD029B151D786900D32564 /* NewListTableViewController.m */ = {isa = PBXFileReference; fileEncoding = 4; lastKnownFileType = sourcecode.c.objc; path = NewListTableViewController.m; sourceTree = "<group>"; };
		9FAD029D151DA95B00D32564 /* dotLine.png */ = {isa = PBXFileReference; lastKnownFileType = image.png; path = dotLine.png; sourceTree = "<group>"; };
		9FAD02A9151DADEF00D32564 /* QuartzCore.framework */ = {isa = PBXFileReference; lastKnownFileType = wrapper.framework; name = QuartzCore.framework; path = System/Library/Frameworks/QuartzCore.framework; sourceTree = SDKROOT; };
/* End PBXFileReference section */

/* Begin PBXFrameworksBuildPhase section */
		9FAD0241151D677500D32564 /* Frameworks */ = {
			isa = PBXFrameworksBuildPhase;
			buildActionMask = 2147483647;
			files = (
				4D9FDAAD1530807C001BA076 /* CFNetwork.framework in Frameworks */,
				4D9FDAAE1530807C001BA076 /* CoreFoundation.framework in Frameworks */,
				4D9FDAAF1530807C001BA076 /* CoreLocation.framework in Frameworks */,
				4D9FDAB01530807C001BA076 /* libz.dylib in Frameworks */,
				4D9FDAB11530807C001BA076 /* SystemConfiguration.framework in Frameworks */,
				4D9FDAA615308035001BA076 /* libsqlite3.0.dylib in Frameworks */,
				9F89DFF1153039C400227E11 /* CoreImage.framework in Frameworks */,
				9F7104CF152B24C0007D15E7 /* MobileCoreServices.framework in Frameworks */,
				9F969DC4152AFBD40089F3DC /* MapKit.framework in Frameworks */,
				9F969DC5152AFBD40089F3DC /* MediaPlayer.framework in Frameworks */,
				9FAD02AA151DADEF00D32564 /* QuartzCore.framework in Frameworks */,
				9FAD0249151D677500D32564 /* UIKit.framework in Frameworks */,
				9FAD024B151D677500D32564 /* Foundation.framework in Frameworks */,
				9FAD024D151D677500D32564 /* CoreGraphics.framework in Frameworks */,
			);
			runOnlyForDeploymentPostprocessing = 0;
		};
/* End PBXFrameworksBuildPhase section */

/* Begin PBXGroup section */
		4D9FDACC15308227001BA076 /* ASIHTTPRequest */ = {
			isa = PBXGroup;
			children = (
				4D9FDAB21530821D001BA076 /* ASIAuthenticationDialog.h */,
				4D9FDAB31530821D001BA076 /* ASIAuthenticationDialog.m */,
				4D9FDAB41530821D001BA076 /* ASICacheDelegate.h */,
				4D9FDAB51530821D001BA076 /* ASIDataCompressor.h */,
				4D9FDAB61530821D001BA076 /* ASIDataCompressor.m */,
				4D9FDAB71530821D001BA076 /* ASIDataDecompressor.h */,
				4D9FDAB81530821D001BA076 /* ASIDataDecompressor.m */,
				4D9FDAB91530821D001BA076 /* ASIDownloadCache.h */,
				4D9FDABA1530821D001BA076 /* ASIDownloadCache.m */,
				4D9FDABB1530821D001BA076 /* ASIFormDataRequest.h */,
				4D9FDABC1530821D001BA076 /* ASIFormDataRequest.m */,
				4D9FDABD1530821D001BA076 /* ASIHTTPRequest.h */,
				4D9FDABE1530821D001BA076 /* ASIHTTPRequest.m */,
				4D9FDABF1530821D001BA076 /* ASIHTTPRequestConfig.h */,
				4D9FDAC01530821D001BA076 /* ASIHTTPRequestDelegate.h */,
				4D9FDAC11530821D001BA076 /* ASIInputStream.h */,
				4D9FDAC21530821D001BA076 /* ASIInputStream.m */,
				4D9FDAC31530821D001BA076 /* ASINetworkQueue.h */,
				4D9FDAC41530821D001BA076 /* ASINetworkQueue.m */,
				4D9FDAC51530821D001BA076 /* ASIProgressDelegate.h */,
				4D9FDAC61530821D001BA076 /* DictionaryHelper.h */,
				4D9FDAC71530821D001BA076 /* DictionaryHelper.m */,
				4D9FDAC81530821D001BA076 /* JSONKit.h */,
				4D9FDAC91530821D001BA076 /* JSONKit.m */,
				4D9FDACA1530821D001BA076 /* Reachability.h */,
				4D9FDACB1530821D001BA076 /* Reachability.m */,
			);
			name = ASIHTTPRequest;
			sourceTree = "<group>";
		};
		4DA4C763153EAE2600FB0A24 /* JSON */ = {
			isa = PBXGroup;
			children = (
				4DA4C758153EAE1E00FB0A24 /* JSON.h */,
				4DA4C759153EAE1E00FB0A24 /* NSObject+SBJSON.h */,
				4DA4C75A153EAE1E00FB0A24 /* NSObject+SBJSON.m */,
				4DA4C75B153EAE1E00FB0A24 /* NSString+SBJSON.h */,
				4DA4C75C153EAE1E00FB0A24 /* NSString+SBJSON.m */,
				4DA4C75D153EAE1E00FB0A24 /* SBJsonBase.h */,
				4DA4C75E153EAE1E00FB0A24 /* SBJsonBase.m */,
				4DA4C75F153EAE1E00FB0A24 /* SBJsonParser.h */,
				4DA4C760153EAE1F00FB0A24 /* SBJsonParser.m */,
				4DA4C761153EAE1F00FB0A24 /* SBJsonWriter.h */,
				4DA4C762153EAE1F00FB0A24 /* SBJsonWriter.m */,
			);
			name = JSON;
			sourceTree = "<group>";
		};
		4DA4C76B153EAE4700FB0A24 /* MJGeocodingServices */ = {
			isa = PBXGroup;
			children = (
				4DA4C763153EAE2600FB0A24 /* JSON */,
				4DA4C764153EAE3900FB0A24 /* MJGeocodingServices.h */,
				4DA4C765153EAE3900FB0A24 /* AddressComponents.h */,
				4DA4C766153EAE3900FB0A24 /* AddressComponents.m */,
				4DA4C767153EAE3900FB0A24 /* MJGeocoder.h */,
				4DA4C768153EAE3900FB0A24 /* MJGeocoder.m */,
				4DA4C769153EAE3900FB0A24 /* MJReverseGeocoder.h */,
				4DA4C76A153EAE3900FB0A24 /* MJReverseGeocoder.m */,
			);
			name = MJGeocodingServices;
			sourceTree = "<group>";
		};
		9FAD0239151D677500D32564 = {
			isa = PBXGroup;
			children = (
				9FAD024E151D677500D32564 /* Dandan */,
				9FAD0247151D677500D32564 /* Frameworks */,
				9FAD0245151D677500D32564 /* Products */,
			);
			sourceTree = "<group>";
		};
		9FAD0245151D677500D32564 /* Products */ = {
			isa = PBXGroup;
			children = (
				9FAD0244151D677500D32564 /* Dandan.app */,
			);
			name = Products;
			sourceTree = "<group>";
		};
		9FAD0247151D677500D32564 /* Frameworks */ = {
			isa = PBXGroup;
			children = (
				4D9FDAA81530807C001BA076 /* CFNetwork.framework */,
				4D9FDAA91530807C001BA076 /* CoreFoundation.framework */,
				4D9FDAAA1530807C001BA076 /* CoreLocation.framework */,
				4D9FDAAB1530807C001BA076 /* libz.dylib */,
				4D9FDAAC1530807C001BA076 /* SystemConfiguration.framework */,
				4D9FDAA515308035001BA076 /* libsqlite3.0.dylib */,
				9F89DFF2153039C900227E11 /* Accelerate.framework */,
				9F89DFF0153039C400227E11 /* CoreImage.framework */,
				9F8E81CD153034880081FD3E /* ImageIO.framework */,
				9F7104CE152B24C0007D15E7 /* MobileCoreServices.framework */,
				9F969DC2152AFBD30089F3DC /* MapKit.framework */,
				9F969DC3152AFBD30089F3DC /* MediaPlayer.framework */,
				9FAD02A9151DADEF00D32564 /* QuartzCore.framework */,
				9FAD0248151D677500D32564 /* UIKit.framework */,
				9FAD024A151D677500D32564 /* Foundation.framework */,
				9FAD024C151D677500D32564 /* CoreGraphics.framework */,
			);
			name = Frameworks;
			sourceTree = "<group>";
		};
		9FAD024E151D677500D32564 /* Dandan */ = {
			isa = PBXGroup;
			children = (
				4DA4C76B153EAE4700FB0A24 /* MJGeocodingServices */,
				4D9FDACC15308227001BA076 /* ASIHTTPRequest */,
				9F8E81D51530392D0081FD3E /* NYXImagesHelper.h */,
				9F8E81D61530392D0081FD3E /* NYXImagesHelper.m */,
				9F8E81D21530388F0081FD3E /* UIImage+Resizing.h */,
				9F8E81D31530388F0081FD3E /* UIImage+Resizing.m */,
				9F8E81C7152FF4FB0081FD3E /* UIColor+UIColor_Hex.h */,
				9F8E81C8152FF4FB0081FD3E /* UIColor+UIColor_Hex.m */,
				9FAD0257151D677500D32564 /* AppDelegate.h */,
				9FAD0258151D677500D32564 /* AppDelegate.m */,
				9FAD025A151D677500D32564 /* MainStoryboard.storyboard */,
				4DFC308D15391E54002E2E02 /* Constants.h */,
				9FAD0297151D752A00D32564 /* ListsTableViewController.h */,
				9FAD0298151D752A00D32564 /* ListsTableViewController.m */,
				9FAD029A151D786900D32564 /* NewListTableViewController.h */,
				9FAD029B151D786900D32564 /* NewListTableViewController.m */,
				9F8EB861152AA9D20051C105 /* PickCategoryTableViewController.h */,
				9F8EB862152AA9D20051C105 /* PickCategoryTableViewController.m */,
				9F969DB2152AE15F0089F3DC /* NewItemViewController.h */,
				9F969DB3152AE15F0089F3DC /* NewItemViewController.m */,
				4D9FDAD01530882B001BA076 /* Sync.h */,
				4D9FDAD11530882B001BA076 /* Sync.m */,
				4DD947281533DBD900DAC370 /* LocalSQLiteOperate.h */,
				4DD947291533DBD900DAC370 /* LocalSQLiteOperate.m */,
				4DFC30B0153B0676002E2E02 /* ParkPlaceMark.h */,
				4DFC30B1153B0676002E2E02 /* ParkPlaceMark.m */,
				4D9B60C0153BF48900E2C5EA /* MyAnnotation.h */,
				4D9B60C1153BF48900E2C5EA /* MyAnnotation.m */,
				9FAD024F151D677500D32564 /* Supporting Files */,
				4D8AE3B515454A6A007D5942 /* NewGeoViewController.h */,
				4D8AE3B615454A6A007D5942 /* NewGeoViewController.m */,
			);
			path = Dandan;
			sourceTree = "<group>";
		};
		9FAD024F151D677500D32564 /* Supporting Files */ = {
			isa = PBXGroup;
			children = (
				4D09972B153FF4A600F13D9C /* xxd-s1.png */,
				4D09972C153FF4A600F13D9C /* xxd-c1.png */,
				4DFC30B7153BC20F002E2E02 /* pin.png */,
				4DD9471E1532CEC700DAC370 /* dan.sqlite */,
				9FAD0274151D700E00D32564 /* Images */,
				9FAD0250151D677500D32564 /* Dandan-Info.plist */,
				9FAD0251151D677500D32564 /* InfoPlist.strings */,
				9FAD0254151D677500D32564 /* main.m */,
				9FAD0256151D677500D32564 /* Dandan-Prefix.pch */,
			);
			name = "Supporting Files";
			sourceTree = "<group>";
		};
		9FAD0274151D700E00D32564 /* Images */ = {
			isa = PBXGroup;
			children = (
				9FAD029D151DA95B00D32564 /* dotLine.png */,
				9FAD0275151D703000D32564 /* BackgroundTopbar.png */,
				9FAD0276151D703000D32564 /* BackgroundTopbar@2x.png */,
				9FAD0277151D703000D32564 /* uiBarButtonItemNormal.png */,
				9FAD0278151D703000D32564 /* uiBarButtonItemNormal@2x.png */,
				9FAD0279151D703000D32564 /* uiBarButtonItemSelected.png */,
				9FAD027A151D703000D32564 /* uiBarButtonItemSelected@2x.png */,
				9FAD027B151D703000D32564 /* uiBarBackButtonNormal.png */,
				9FAD027C151D703000D32564 /* uiBarBackButtonNormal@2x.png */,
				9FAD027D151D703000D32564 /* uiBarBackButtonSelected.png */,
				9FAD027E151D703000D32564 /* uiBarBackButtonSelected@2x.png */,
			);
			name = Images;
			sourceTree = "<group>";
		};
/* End PBXGroup section */

/* Begin PBXNativeTarget section */
		9FAD0243151D677500D32564 /* Dandan */ = {
			isa = PBXNativeTarget;
			buildConfigurationList = 9FAD026D151D677500D32564 /* Build configuration list for PBXNativeTarget "Dandan" */;
			buildPhases = (
				9FAD0240151D677500D32564 /* Sources */,
				9FAD0241151D677500D32564 /* Frameworks */,
				9FAD0242151D677500D32564 /* Resources */,
			);
			buildRules = (
			);
			dependencies = (
			);
			name = Dandan;
			productName = Dandan;
			productReference = 9FAD0244151D677500D32564 /* Dandan.app */;
			productType = "com.apple.product-type.application";
		};
/* End PBXNativeTarget section */

/* Begin PBXProject section */
		9FAD023B151D677500D32564 /* Project object */ = {
			isa = PBXProject;
			attributes = {
				LastUpgradeCheck = 0430;
			};
			buildConfigurationList = 9FAD023E151D677500D32564 /* Build configuration list for PBXProject "Dandan" */;
			compatibilityVersion = "Xcode 3.2";
			developmentRegion = English;
			hasScannedForEncodings = 0;
			knownRegions = (
				en,
			);
			mainGroup = 9FAD0239151D677500D32564;
			productRefGroup = 9FAD0245151D677500D32564 /* Products */;
			projectDirPath = "";
			projectRoot = "";
			targets = (
				9FAD0243151D677500D32564 /* Dandan */,
			);
		};
/* End PBXProject section */

/* Begin PBXResourcesBuildPhase section */
		9FAD0242151D677500D32564 /* Resources */ = {
			isa = PBXResourcesBuildPhase;
			buildActionMask = 2147483647;
			files = (
				9FAD0253151D677500D32564 /* InfoPlist.strings in Resources */,
				9FAD025C151D677500D32564 /* MainStoryboard.storyboard in Resources */,
				9FAD027F151D703000D32564 /* BackgroundTopbar.png in Resources */,
				9FAD0280151D703000D32564 /* BackgroundTopbar@2x.png in Resources */,
				9FAD0281151D703000D32564 /* uiBarButtonItemNormal.png in Resources */,
				9FAD0282151D703000D32564 /* uiBarButtonItemNormal@2x.png in Resources */,
				9FAD0283151D703000D32564 /* uiBarButtonItemSelected.png in Resources */,
				9FAD0284151D703000D32564 /* uiBarButtonItemSelected@2x.png in Resources */,
				9FAD0285151D703000D32564 /* uiBarBackButtonNormal.png in Resources */,
				9FAD0286151D703000D32564 /* uiBarBackButtonNormal@2x.png in Resources */,
				9FAD0287151D703000D32564 /* uiBarBackButtonSelected.png in Resources */,
				9FAD0288151D703000D32564 /* uiBarBackButtonSelected@2x.png in Resources */,
				9FAD029E151DA95B00D32564 /* dotLine.png in Resources */,
				4DD9471F1532CEC700DAC370 /* dan.sqlite in Resources */,
				4DFC30B8153BC20F002E2E02 /* pin.png in Resources */,
				4D09972D153FF4A600F13D9C /* xxd-s1.png in Resources */,
				4D09972E153FF4A600F13D9C /* xxd-c1.png in Resources */,
			);
			runOnlyForDeploymentPostprocessing = 0;
		};
/* End PBXResourcesBuildPhase section */

/* Begin PBXSourcesBuildPhase section */
		9FAD0240151D677500D32564 /* Sources */ = {
			isa = PBXSourcesBuildPhase;
			buildActionMask = 2147483647;
			files = (
				4DA4C76C153EB06F00FB0A24 /* NSObject+SBJSON.m in Sources */,
				4DA4C76D153EB06F00FB0A24 /* NSString+SBJSON.m in Sources */,
				4DA4C76E153EB06F00FB0A24 /* SBJsonBase.m in Sources */,
				4DA4C76F153EB06F00FB0A24 /* SBJsonParser.m in Sources */,
				4DA4C770153EB06F00FB0A24 /* SBJsonWriter.m in Sources */,
				4DA4C771153EB06F00FB0A24 /* AddressComponents.m in Sources */,
				4DA4C772153EB06F00FB0A24 /* MJGeocoder.m in Sources */,
				4DA4C773153EB06F00FB0A24 /* MJReverseGeocoder.m in Sources */,
				4DFC30B2153B07FE002E2E02 /* ParkPlaceMark.m in Sources */,
				4D9FDAD51530889D001BA076 /* ASIAuthenticationDialog.m in Sources */,
				4D9FDAD61530889D001BA076 /* ASIDataCompressor.m in Sources */,
				4D9FDAD71530889D001BA076 /* ASIDataDecompressor.m in Sources */,
				4D9FDAD81530889D001BA076 /* ASIDownloadCache.m in Sources */,
				4D9FDAD91530889D001BA076 /* ASIFormDataRequest.m in Sources */,
				4D9FDADA1530889D001BA076 /* ASIInputStream.m in Sources */,
				4D9FDADB1530889D001BA076 /* ASINetworkQueue.m in Sources */,
				4D9FDADC1530889D001BA076 /* DictionaryHelper.m in Sources */,
				4D9FDADD1530889D001BA076 /* JSONKit.m in Sources */,
				4D9FDADE1530889D001BA076 /* Reachability.m in Sources */,
				4D9FDAD415308877001BA076 /* ASIHTTPRequest.m in Sources */,
				9FAD0255151D677500D32564 /* main.m in Sources */,
				9FAD0259151D677500D32564 /* AppDelegate.m in Sources */,
				9FAD0299151D752A00D32564 /* ListsTableViewController.m in Sources */,
				9FAD029C151D786900D32564 /* NewListTableViewController.m in Sources */,
				9F8EB863152AA9D20051C105 /* PickCategoryTableViewController.m in Sources */,
				9F969DB4152AE15F0089F3DC /* NewItemViewController.m in Sources */,
				9F8E81C9152FF4FB0081FD3E /* UIColor+UIColor_Hex.m in Sources */,
				9F8E81D41530388F0081FD3E /* UIImage+Resizing.m in Sources */,
				9F8E81D71530392D0081FD3E /* NYXImagesHelper.m in Sources */,
				4D9FDAD21530882B001BA076 /* Sync.m in Sources */,
				4DD9472A1533DBD900DAC370 /* LocalSQLiteOperate.m in Sources */,
				4D9B60C2153BF48900E2C5EA /* MyAnnotation.m in Sources */,
				4D8AE3B715454A6A007D5942 /* NewGeoViewController.m in Sources */,
			);
			runOnlyForDeploymentPostprocessing = 0;
		};
/* End PBXSourcesBuildPhase section */

/* Begin PBXVariantGroup section */
		9FAD0251151D677500D32564 /* InfoPlist.strings */ = {
			isa = PBXVariantGroup;
			children = (
				9FAD0252151D677500D32564 /* en */,
			);
			name = InfoPlist.strings;
			sourceTree = "<group>";
		};
		9FAD025A151D677500D32564 /* MainStoryboard.storyboard */ = {
			isa = PBXVariantGroup;
			children = (
				9FAD025B151D677500D32564 /* en */,
			);
			name = MainStoryboard.storyboard;
			sourceTree = "<group>";
		};
/* End PBXVariantGroup section */

/* Begin XCBuildConfiguration section */
		9FAD026B151D677500D32564 /* Debug */ = {
			isa = XCBuildConfiguration;
			buildSettings = {
				ALWAYS_SEARCH_USER_PATHS = NO;
				ARCHS = "$(ARCHS_STANDARD_32_BIT)";
				CLANG_ENABLE_OBJC_ARC = YES;
				"CODE_SIGN_IDENTITY[sdk=iphoneos*]" = "iPhone Developer";
				COPY_PHASE_STRIP = NO;
				GCC_C_LANGUAGE_STANDARD = gnu99;
				GCC_DYNAMIC_NO_PIC = NO;
				GCC_OPTIMIZATION_LEVEL = 0;
				GCC_PREPROCESSOR_DEFINITIONS = (
					"DEBUG=1",
					"$(inherited)",
				);
				GCC_SYMBOLS_PRIVATE_EXTERN = NO;
				GCC_VERSION = com.apple.compilers.llvm.clang.1_0;
				GCC_WARN_ABOUT_RETURN_TYPE = YES;
				GCC_WARN_UNINITIALIZED_AUTOS = YES;
				GCC_WARN_UNUSED_VARIABLE = YES;
				IPHONEOS_DEPLOYMENT_TARGET = 5.1;
				SDKROOT = iphoneos;
			};
			name = Debug;
		};
		9FAD026C151D677500D32564 /* Release */ = {
			isa = XCBuildConfiguration;
			buildSettings = {
				ALWAYS_SEARCH_USER_PATHS = NO;
				ARCHS = "$(ARCHS_STANDARD_32_BIT)";
				CLANG_ENABLE_OBJC_ARC = YES;
				"CODE_SIGN_IDENTITY[sdk=iphoneos*]" = "iPhone Developer";
				COPY_PHASE_STRIP = YES;
				GCC_C_LANGUAGE_STANDARD = gnu99;
				GCC_VERSION = com.apple.compilers.llvm.clang.1_0;
				GCC_WARN_ABOUT_RETURN_TYPE = YES;
				GCC_WARN_UNINITIALIZED_AUTOS = YES;
				GCC_WARN_UNUSED_VARIABLE = YES;
				IPHONEOS_DEPLOYMENT_TARGET = 5.1;
				OTHER_CFLAGS = "-DNS_BLOCK_ASSERTIONS=1";
				SDKROOT = iphoneos;
				VALIDATE_PRODUCT = YES;
			};
			name = Release;
		};
		9FAD026E151D677500D32564 /* Debug */ = {
			isa = XCBuildConfiguration;
			buildSettings = {
				GCC_PRECOMPILE_PREFIX_HEADER = YES;
				GCC_PREFIX_HEADER = "Dandan/Dandan-Prefix.pch";
				INFOPLIST_FILE = "Dandan/Dandan-Info.plist";
				PRODUCT_NAME = "$(TARGET_NAME)";
				WRAPPER_EXTENSION = app;
			};
			name = Debug;
		};
		9FAD026F151D677500D32564 /* Release */ = {
			isa = XCBuildConfiguration;
			buildSettings = {
				GCC_PRECOMPILE_PREFIX_HEADER = YES;
				GCC_PREFIX_HEADER = "Dandan/Dandan-Prefix.pch";
				INFOPLIST_FILE = "Dandan/Dandan-Info.plist";
				PRODUCT_NAME = "$(TARGET_NAME)";
				WRAPPER_EXTENSION = app;
			};
			name = Release;
		};
/* End XCBuildConfiguration section */

/* Begin XCConfigurationList section */
		9FAD023E151D677500D32564 /* Build configuration list for PBXProject "Dandan" */ = {
			isa = XCConfigurationList;
			buildConfigurations = (
				9FAD026B151D677500D32564 /* Debug */,
				9FAD026C151D677500D32564 /* Release */,
			);
			defaultConfigurationIsVisible = 0;
			defaultConfigurationName = Release;
		};
		9FAD026D151D677500D32564 /* Build configuration list for PBXNativeTarget "Dandan" */ = {
			isa = XCConfigurationList;
			buildConfigurations = (
				9FAD026E151D677500D32564 /* Debug */,
				9FAD026F151D677500D32564 /* Release */,
			);
			defaultConfigurationIsVisible = 0;
			defaultConfigurationName = Release;
		};
/* End XCConfigurationList section */
	};
	rootObject = 9FAD023B151D677500D32564 /* Project object */;
}
